// !$*UTF8*$!
{
	archiveVersion = 1;
	classes = {
	};
	objectVersion = 56;
	objects = {

/* Begin PBXBuildFile section */
		05B49B1E2B60E7640019DB17 /* HorizMonthFlowLayout.swift in Sources */ = {isa = PBXBuildFile; fileRef = 05B49B1D2B60E7640019DB17 /* HorizMonthFlowLayout.swift */; };
		05CD02CD2B5F8E7200273722 /* AppDelegate.swift in Sources */ = {isa = PBXBuildFile; fileRef = 05CD02CC2B5F8E7200273722 /* AppDelegate.swift */; };
		05CD02CF2B5F8E7200273722 /* SceneDelegate.swift in Sources */ = {isa = PBXBuildFile; fileRef = 05CD02CE2B5F8E7200273722 /* SceneDelegate.swift */; };
		05CD02D12B5F8E7200273722 /* ViewController.swift in Sources */ = {isa = PBXBuildFile; fileRef = 05CD02D02B5F8E7200273722 /* ViewController.swift */; };
		05CD02D42B5F8E7200273722 /* Main.storyboard in Resources */ = {isa = PBXBuildFile; fileRef = 05CD02D22B5F8E7200273722 /* Main.storyboard */; };
		05CD02D62B5F8E7400273722 /* Assets.xcassets in Resources */ = {isa = PBXBuildFile; fileRef = 05CD02D52B5F8E7400273722 /* Assets.xcassets */; };
		05CD02D92B5F8E7400273722 /* LaunchScreen.storyboard in Resources */ = {isa = PBXBuildFile; fileRef = 05CD02D72B5F8E7400273722 /* LaunchScreen.storyboard */; };
		05CD02E12B5F8EA700273722 /* CalendarView.xib in Resources */ = {isa = PBXBuildFile; fileRef = 05CD02E02B5F8EA700273722 /* CalendarView.xib */; };
		05CD02E32B5F8F3200273722 /* CalendarView.swift in Sources */ = {isa = PBXBuildFile; fileRef = 05CD02E22B5F8F3200273722 /* CalendarView.swift */; };
		05CD02E82B5F98A900273722 /* CalendarDaysCollectionViewCell.swift in Sources */ = {isa = PBXBuildFile; fileRef = 05CD02E62B5F98A900273722 /* CalendarDaysCollectionViewCell.swift */; };
		05CD02E92B5F98A900273722 /* CalendarDaysCollectionViewCell.xib in Resources */ = {isa = PBXBuildFile; fileRef = 05CD02E72B5F98A900273722 /* CalendarDaysCollectionViewCell.xib */; };
		05CD02EC2B5FA06000273722 /* HorizDayFlowLayout.swift in Sources */ = {isa = PBXBuildFile; fileRef = 05CD02EB2B5FA06000273722 /* HorizDayFlowLayout.swift */; };
		05CD02EF2B5FA13600273722 /* CalendarDataSourceModel.swift in Sources */ = {isa = PBXBuildFile; fileRef = 05CD02EE2B5FA13600273722 /* CalendarDataSourceModel.swift */; };
		05CD02F22B5FA1E700273722 /* CalendarViewModel.swift in Sources */ = {isa = PBXBuildFile; fileRef = 05CD02F12B5FA1E700273722 /* CalendarViewModel.swift */; };
		05CD02F42B60E27700273722 /* CalendarMonthCollectionViewCell.swift in Sources */ = {isa = PBXBuildFile; fileRef = 05CD02F32B60E27700273722 /* CalendarMonthCollectionViewCell.swift */; };
/* End PBXBuildFile section */

/* Begin PBXFileReference section */
		05B49B1D2B60E7640019DB17 /* HorizMonthFlowLayout.swift */ = {isa = PBXFileReference; lastKnownFileType = sourcecode.swift; path = HorizMonthFlowLayout.swift; sourceTree = "<group>"; };
		05CD02C92B5F8E7200273722 /* horizCalendarView.app */ = {isa = PBXFileReference; explicitFileType = wrapper.application; includeInIndex = 0; path = horizCalendarView.app; sourceTree = BUILT_PRODUCTS_DIR; };
		05CD02CC2B5F8E7200273722 /* AppDelegate.swift */ = {isa = PBXFileReference; lastKnownFileType = sourcecode.swift; path = AppDelegate.swift; sourceTree = "<group>"; };
		05CD02CE2B5F8E7200273722 /* SceneDelegate.swift */ = {isa = PBXFileReference; lastKnownFileType = sourcecode.swift; path = SceneDelegate.swift; sourceTree = "<group>"; };
		05CD02D02B5F8E7200273722 /* ViewController.swift */ = {isa = PBXFileReference; lastKnownFileType = sourcecode.swift; path = ViewController.swift; sourceTree = "<group>"; };
		05CD02D32B5F8E7200273722 /* Base */ = {isa = PBXFileReference; lastKnownFileType = file.storyboard; name = Base; path = Base.lproj/Main.storyboard; sourceTree = "<group>"; };
		05CD02D52B5F8E7400273722 /* Assets.xcassets */ = {isa = PBXFileReference; lastKnownFileType = folder.assetcatalog; path = Assets.xcassets; sourceTree = "<group>"; };
		05CD02D82B5F8E7400273722 /* Base */ = {isa = PBXFileReference; lastKnownFileType = file.storyboard; name = Base; path = Base.lproj/LaunchScreen.storyboard; sourceTree = "<group>"; };
		05CD02DA2B5F8E7400273722 /* Info.plist */ = {isa = PBXFileReference; lastKnownFileType = text.plist.xml; path = Info.plist; sourceTree = "<group>"; };
		05CD02E02B5F8EA700273722 /* CalendarView.xib */ = {isa = PBXFileReference; lastKnownFileType = file.xib; path = CalendarView.xib; sourceTree = "<group>"; };
		05CD02E22B5F8F3200273722 /* CalendarView.swift */ = {isa = PBXFileReference; lastKnownFileType = sourcecode.swift; path = CalendarView.swift; sourceTree = "<group>"; };
		05CD02E62B5F98A900273722 /* CalendarDaysCollectionViewCell.swift */ = {isa = PBXFileReference; lastKnownFileType = sourcecode.swift; path = CalendarDaysCollectionViewCell.swift; sourceTree = "<group>"; };
		05CD02E72B5F98A900273722 /* CalendarDaysCollectionViewCell.xib */ = {isa = PBXFileReference; lastKnownFileType = file.xib; path = CalendarDaysCollectionViewCell.xib; sourceTree = "<group>"; };
		05CD02EB2B5FA06000273722 /* HorizDayFlowLayout.swift */ = {isa = PBXFileReference; lastKnownFileType = sourcecode.swift; path = HorizDayFlowLayout.swift; sourceTree = "<group>"; };
		05CD02EE2B5FA13600273722 /* CalendarDataSourceModel.swift */ = {isa = PBXFileReference; lastKnownFileType = sourcecode.swift; path = CalendarDataSourceModel.swift; sourceTree = "<group>"; };
		05CD02F12B5FA1E700273722 /* CalendarViewModel.swift */ = {isa = PBXFileReference; lastKnownFileType = sourcecode.swift; path = CalendarViewModel.swift; sourceTree = "<group>"; };
		05CD02F32B60E27700273722 /* CalendarMonthCollectionViewCell.swift */ = {isa = PBXFileReference; lastKnownFileType = sourcecode.swift; path = CalendarMonthCollectionViewCell.swift; sourceTree = "<group>"; };
/* End PBXFileReference section */

/* Begin PBXFrameworksBuildPhase section */
		05CD02C62B5F8E7200273722 /* Frameworks */ = {
			isa = PBXFrameworksBuildPhase;
			buildActionMask = 2147483647;
			files = (
			);
			runOnlyForDeploymentPostprocessing = 0;
		};
/* End PBXFrameworksBuildPhase section */

/* Begin PBXGroup section */
		05CD02C02B5F8E7200273722 = {
			isa = PBXGroup;
			children = (
				05CD02CB2B5F8E7200273722 /* horizCalendarView */,
				05CD02CA2B5F8E7200273722 /* Products */,
			);
			sourceTree = "<group>";
		};
		05CD02CA2B5F8E7200273722 /* Products */ = {
			isa = PBXGroup;
			children = (
				05CD02C92B5F8E7200273722 /* horizCalendarView.app */,
			);
			name = Products;
			sourceTree = "<group>";
		};
		05CD02CB2B5F8E7200273722 /* horizCalendarView */ = {
			isa = PBXGroup;
			children = (
				05CD02E42B5F987A00273722 /* CalendarView */,
				05CD02CC2B5F8E7200273722 /* AppDelegate.swift */,
				05CD02CE2B5F8E7200273722 /* SceneDelegate.swift */,
				05CD02D02B5F8E7200273722 /* ViewController.swift */,
				05CD02D22B5F8E7200273722 /* Main.storyboard */,
				05CD02D52B5F8E7400273722 /* Assets.xcassets */,
				05CD02D72B5F8E7400273722 /* LaunchScreen.storyboard */,
				05CD02DA2B5F8E7400273722 /* Info.plist */,
			);
			path = horizCalendarView;
			sourceTree = "<group>";
		};
		05CD02E42B5F987A00273722 /* CalendarView */ = {
			isa = PBXGroup;
			children = (
				05CD02F02B5FA1BD00273722 /* ViewModel */,
				05CD02ED2B5FA10D00273722 /* Model */,
				05CD02EA2B5FA04400273722 /* FlowLayout */,
				05CD02E52B5F988800273722 /* Cell */,
				05CD02E02B5F8EA700273722 /* CalendarView.xib */,
				05CD02E22B5F8F3200273722 /* CalendarView.swift */,
			);
			path = CalendarView;
			sourceTree = "<group>";
		};
		05CD02E52B5F988800273722 /* Cell */ = {
			isa = PBXGroup;
			children = (
				05CD02E62B5F98A900273722 /* CalendarDaysCollectionViewCell.swift */,
				05CD02E72B5F98A900273722 /* CalendarDaysCollectionViewCell.xib */,
				05CD02F32B60E27700273722 /* CalendarMonthCollectionViewCell.swift */,
			);
			path = Cell;
			sourceTree = "<group>";
		};
		05CD02EA2B5FA04400273722 /* FlowLayout */ = {
			isa = PBXGroup;
			children = (
				05CD02EB2B5FA06000273722 /* HorizDayFlowLayout.swift */,
				05B49B1D2B60E7640019DB17 /* HorizMonthFlowLayout.swift */,
			);
			path = FlowLayout;
			sourceTree = "<group>";
		};
		05CD02ED2B5FA10D00273722 /* Model */ = {
			isa = PBXGroup;
			children = (
				05CD02EE2B5FA13600273722 /* CalendarDataSourceModel.swift */,
			);
			path = Model;
			sourceTree = "<group>";
		};
		05CD02F02B5FA1BD00273722 /* ViewModel */ = {
			isa = PBXGroup;
			children = (
				05CD02F12B5FA1E700273722 /* CalendarViewModel.swift */,
			);
			path = ViewModel;
			sourceTree = "<group>";
		};
/* End PBXGroup section */

/* Begin PBXNativeTarget section */
		05CD02C82B5F8E7200273722 /* horizCalendarView */ = {
			isa = PBXNativeTarget;
			buildConfigurationList = 05CD02DD2B5F8E7400273722 /* Build configuration list for PBXNativeTarget "horizCalendarView" */;
			buildPhases = (
				05CD02C52B5F8E7200273722 /* Sources */,
				05CD02C62B5F8E7200273722 /* Frameworks */,
				05CD02C72B5F8E7200273722 /* Resources */,
			);
			buildRules = (
			);
			dependencies = (
			);
			name = horizCalendarView;
			productName = horizCalendarView;
			productReference = 05CD02C92B5F8E7200273722 /* horizCalendarView.app */;
			productType = "com.apple.product-type.application";
		};
/* End PBXNativeTarget section */

/* Begin PBXProject section */
		05CD02C12B5F8E7200273722 /* Project object */ = {
			isa = PBXProject;
			attributes = {
				BuildIndependentTargetsInParallel = 1;
				LastSwiftUpdateCheck = 1410;
				LastUpgradeCheck = 1410;
				TargetAttributes = {
					05CD02C82B5F8E7200273722 = {
						CreatedOnToolsVersion = 14.1;
					};
				};
			};
			buildConfigurationList = 05CD02C42B5F8E7200273722 /* Build configuration list for PBXProject "horizCalendarView" */;
			compatibilityVersion = "Xcode 14.0";
			developmentRegion = en;
			hasScannedForEncodings = 0;
			knownRegions = (
				en,
				Base,
			);
			mainGroup = 05CD02C02B5F8E7200273722;
			productRefGroup = 05CD02CA2B5F8E7200273722 /* Products */;
			projectDirPath = "";
			projectRoot = "";
			targets = (
				05CD02C82B5F8E7200273722 /* horizCalendarView */,
			);
		};
/* End PBXProject section */

/* Begin PBXResourcesBuildPhase section */
		05CD02C72B5F8E7200273722 /* Resources */ = {
			isa = PBXResourcesBuildPhase;
			buildActionMask = 2147483647;
			files = (
				05CD02D92B5F8E7400273722 /* LaunchScreen.storyboard in Resources */,
				05CD02D62B5F8E7400273722 /* Assets.xcassets in Resources */,
				05CD02E12B5F8EA700273722 /* CalendarView.xib in Resources */,
				05CD02E92B5F98A900273722 /* CalendarDaysCollectionViewCell.xib in Resources */,
				05CD02D42B5F8E7200273722 /* Main.storyboard in Resources */,
			);
			runOnlyForDeploymentPostprocessing = 0;
		};
/* End PBXResourcesBuildPhase section */

/* Begin PBXSourcesBuildPhase section */
		05CD02C52B5F8E7200273722 /* Sources */ = {
			isa = PBXSourcesBuildPhase;
			buildActionMask = 2147483647;
			files = (
				05CD02F22B5FA1E700273722 /* CalendarViewModel.swift in Sources */,
				05CD02D12B5F8E7200273722 /* ViewController.swift in Sources */,
				05CD02CD2B5F8E7200273722 /* AppDelegate.swift in Sources */,
				05CD02E82B5F98A900273722 /* CalendarDaysCollectionViewCell.swift in Sources */,
				05CD02E32B5F8F3200273722 /* CalendarView.swift in Sources */,
				05CD02F42B60E27700273722 /* CalendarMonthCollectionViewCell.swift in Sources */,
				05CD02CF2B5F8E7200273722 /* SceneDelegate.swift in Sources */,
				05B49B1E2B60E7640019DB17 /* HorizMonthFlowLayout.swift in Sources */,
				05CD02EF2B5FA13600273722 /* CalendarDataSourceModel.swift in Sources */,
				05CD02EC2B5FA06000273722 /* HorizDayFlowLayout.swift in Sources */,
			);
			runOnlyForDeploymentPostprocessing = 0;
		};
/* End PBXSourcesBuildPhase section */

/* Begin PBXVariantGroup section */
		05CD02D22B5F8E7200273722 /* Main.storyboard */ = {
			isa = PBXVariantGroup;
			children = (
				05CD02D32B5F8E7200273722 /* Base */,
			);
			name = Main.storyboard;
			sourceTree = "<group>";
		};
		05CD02D72B5F8E7400273722 /* LaunchScreen.storyboard */ = {
			isa = PBXVariantGroup;
			children = (
				05CD02D82B5F8E7400273722 /* Base */,
			);
			name = LaunchScreen.storyboard;
			sourceTree = "<group>";
		};
/* End PBXVariantGroup section */

/* Begin XCBuildConfiguration section */
		05CD02DB2B5F8E7400273722 /* Debug */ = {
			isa = XCBuildConfiguration;
			buildSettings = {
				ALWAYS_SEARCH_USER_PATHS = NO;
				CLANG_ANALYZER_NONNULL = YES;
				CLANG_ANALYZER_NUMBER_OBJECT_CONVERSION = YES_AGGRESSIVE;
				CLANG_CXX_LANGUAGE_STANDARD = "gnu++20";
				CLANG_ENABLE_MODULES = YES;
				CLANG_ENABLE_OBJC_ARC = YES;
				CLANG_ENABLE_OBJC_WEAK = YES;
				CLANG_WARN_BLOCK_CAPTURE_AUTORELEASING = YES;
				CLANG_WARN_BOOL_CONVERSION = YES;
				CLANG_WARN_COMMA = YES;
				CLANG_WARN_CONSTANT_CONVERSION = YES;
				CLANG_WARN_DEPRECATED_OBJC_IMPLEMENTATIONS = YES;
				CLANG_WARN_DIRECT_OBJC_ISA_USAGE = YES_ERROR;
				CLANG_WARN_DOCUMENTATION_COMMENTS = YES;
				CLANG_WARN_EMPTY_BODY = YES;
				CLANG_WARN_ENUM_CONVERSION = YES;
				CLANG_WARN_INFINITE_RECURSION = YES;
				CLANG_WARN_INT_CONVERSION = YES;
				CLANG_WARN_NON_LITERAL_NULL_CONVERSION = YES;
				CLANG_WARN_OBJC_IMPLICIT_RETAIN_SELF = YES;
				CLANG_WARN_OBJC_LITERAL_CONVERSION = YES;
				CLANG_WARN_OBJC_ROOT_CLASS = YES_ERROR;
				CLANG_WARN_QUOTED_INCLUDE_IN_FRAMEWORK_HEADER = YES;
				CLANG_WARN_RANGE_LOOP_ANALYSIS = YES;
				CLANG_WARN_STRICT_PROTOTYPES = YES;
				CLANG_WARN_SUSPICIOUS_MOVE = YES;
				CLANG_WARN_UNGUARDED_AVAILABILITY = YES_AGGRESSIVE;
				CLANG_WARN_UNREACHABLE_CODE = YES;
				CLANG_WARN__DUPLICATE_METHOD_MATCH = YES;
				COPY_PHASE_STRIP = NO;
				DEBUG_INFORMATION_FORMAT = dwarf;
				ENABLE_STRICT_OBJC_MSGSEND = YES;
				ENABLE_TESTABILITY = YES;
				GCC_C_LANGUAGE_STANDARD = gnu11;
				GCC_DYNAMIC_NO_PIC = NO;
				GCC_NO_COMMON_BLOCKS = YES;
				GCC_OPTIMIZATION_LEVEL = 0;
				GCC_PREPROCESSOR_DEFINITIONS = (
					"DEBUG=1",
					"$(inherited)",
				);
				GCC_WARN_64_TO_32_BIT_CONVERSION = YES;
				GCC_WARN_ABOUT_RETURN_TYPE = YES_ERROR;
				GCC_WARN_UNDECLARED_SELECTOR = YES;
				GCC_WARN_UNINITIALIZED_AUTOS = YES_AGGRESSIVE;
				GCC_WARN_UNUSED_FUNCTION = YES;
				GCC_WARN_UNUSED_VARIABLE = YES;
				IPHONEOS_DEPLOYMENT_TARGET = 16.1;
				MTL_ENABLE_DEBUG_INFO = INCLUDE_SOURCE;
				MTL_FAST_MATH = YES;
				ONLY_ACTIVE_ARCH = YES;
				SDKROOT = iphoneos;
				SWIFT_ACTIVE_COMPILATION_CONDITIONS = DEBUG;
				SWIFT_OPTIMIZATION_LEVEL = "-Onone";
			};
			name = Debug;
		};
		05CD02DC2B5F8E7400273722 /* Release */ = {
			isa = XCBuildConfiguration;
			buildSettings = {
				ALWAYS_SEARCH_USER_PATHS = NO;
				CLANG_ANALYZER_NONNULL = YES;
				CLANG_ANALYZER_NUMBER_OBJECT_CONVERSION = YES_AGGRESSIVE;
				CLANG_CXX_LANGUAGE_STANDARD = "gnu++20";
				CLANG_ENABLE_MODULES = YES;
				CLANG_ENABLE_OBJC_ARC = YES;
				CLANG_ENABLE_OBJC_WEAK = YES;
				CLANG_WARN_BLOCK_CAPTURE_AUTORELEASING = YES;
				CLANG_WARN_BOOL_CONVERSION = YES;
				CLANG_WARN_COMMA = YES;
				CLANG_WARN_CONSTANT_CONVERSION = YES;
				CLANG_WARN_DEPRECATED_OBJC_IMPLEMENTATIONS = YES;
				CLANG_WARN_DIRECT_OBJC_ISA_USAGE = YES_ERROR;
				CLANG_WARN_DOCUMENTATION_COMMENTS = YES;
				CLANG_WARN_EMPTY_BODY = YES;
				CLANG_WARN_ENUM_CONVERSION = YES;
				CLANG_WARN_INFINITE_RECURSION = YES;
				CLANG_WARN_INT_CONVERSION = YES;
				CLANG_WARN_NON_LITERAL_NULL_CONVERSION = YES;
				CLANG_WARN_OBJC_IMPLICIT_RETAIN_SELF = YES;
				CLANG_WARN_OBJC_LITERAL_CONVERSION = YES;
				CLANG_WARN_OBJC_ROOT_CLASS = YES_ERROR;
				CLANG_WARN_QUOTED_INCLUDE_IN_FRAMEWORK_HEADER = YES;
				CLANG_WARN_RANGE_LOOP_ANALYSIS = YES;
				CLANG_WARN_STRICT_PROTOTYPES = YES;
				CLANG_WARN_SUSPICIOUS_MOVE = YES;
				CLANG_WARN_UNGUARDED_AVAILABILITY = YES_AGGRESSIVE;
				CLANG_WARN_UNREACHABLE_CODE = YES;
				CLANG_WARN__DUPLICATE_METHOD_MATCH = YES;
				COPY_PHASE_STRIP = NO;
				DEBUG_INFORMATION_FORMAT = "dwarf-with-dsym";
				ENABLE_NS_ASSERTIONS = NO;
				ENABLE_STRICT_OBJC_MSGSEND = YES;
				GCC_C_LANGUAGE_STANDARD = gnu11;
				GCC_NO_COMMON_BLOCKS = YES;
				GCC_WARN_64_TO_32_BIT_CONVERSION = YES;
				GCC_WARN_ABOUT_RETURN_TYPE = YES_ERROR;
				GCC_WARN_UNDECLARED_SELECTOR = YES;
				GCC_WARN_UNINITIALIZED_AUTOS = YES_AGGRESSIVE;
				GCC_WARN_UNUSED_FUNCTION = YES;
				GCC_WARN_UNUSED_VARIABLE = YES;
				IPHONEOS_DEPLOYMENT_TARGET = 16.1;
				MTL_ENABLE_DEBUG_INFO = NO;
				MTL_FAST_MATH = YES;
				SDKROOT = iphoneos;
				SWIFT_COMPILATION_MODE = wholemodule;
				SWIFT_OPTIMIZATION_LEVEL = "-O";
				VALIDATE_PRODUCT = YES;
			};
			name = Release;
		};
		05CD02DE2B5F8E7400273722 /* Debug */ = {
			isa = XCBuildConfiguration;
			buildSettings = {
				ASSETCATALOG_COMPILER_APPICON_NAME = AppIcon;
				ASSETCATALOG_COMPILER_GLOBAL_ACCENT_COLOR_NAME = AccentColor;
				CODE_SIGN_STYLE = Automatic;
				CURRENT_PROJECT_VERSION = 1;
				DEVELOPMENT_TEAM = Z64LB69QMK;
				GENERATE_INFOPLIST_FILE = YES;
				INFOPLIST_FILE = horizCalendarView/Info.plist;
				INFOPLIST_KEY_UIApplicationSupportsIndirectInputEvents = YES;
				INFOPLIST_KEY_UILaunchStoryboardName = LaunchScreen;
				INFOPLIST_KEY_UIMainStoryboardFile = Main;
				INFOPLIST_KEY_UISupportedInterfaceOrientations_iPad = "UIInterfaceOrientationPortrait UIInterfaceOrientationPortraitUpsideDown UIInterfaceOrientationLandscapeLeft UIInterfaceOrientationLandscapeRight";
				INFOPLIST_KEY_UISupportedInterfaceOrientations_iPhone = "UIInterfaceOrientationPortrait UIInterfaceOrientationLandscapeLeft UIInterfaceOrientationLandscapeRight";
				LD_RUNPATH_SEARCH_PATHS = (
					"$(inherited)",
					"@executable_path/Frameworks",
				);
				MARKETING_VERSION = 1.0;
				PRODUCT_BUNDLE_IDENTIFIER = com.LinZheHao.horizCalendarView;
				PRODUCT_NAME = "$(TARGET_NAME)";
				SWIFT_EMIT_LOC_STRINGS = YES;
				SWIFT_VERSION = 5.0;
				TARGETED_DEVICE_FAMILY = "1,2";
			};
			name = Debug;
		};
		05CD02DF2B5F8E7400273722 /* Release */ = {
			isa = XCBuildConfiguration;
			buildSettings = {
				ASSETCATALOG_COMPILER_APPICON_NAME = AppIcon;
				ASSETCATALOG_COMPILER_GLOBAL_ACCENT_COLOR_NAME = AccentColor;
				CODE_SIGN_STYLE = Automatic;
				CURRENT_PROJECT_VERSION = 1;
				DEVELOPMENT_TEAM = Z64LB69QMK;
				GENERATE_INFOPLIST_FILE = YES;
				INFOPLIST_FILE = horizCalendarView/Info.plist;
				INFOPLIST_KEY_UIApplicationSupportsIndirectInputEvents = YES;
				INFOPLIST_KEY_UILaunchStoryboardName = LaunchScreen;
				INFOPLIST_KEY_UIMainStoryboardFile = Main;
				INFOPLIST_KEY_UISupportedInterfaceOrientations_iPad = "UIInterfaceOrientationPortrait UIInterfaceOrientationPortraitUpsideDown UIInterfaceOrientationLandscapeLeft UIInterfaceOrientationLandscapeRight";
				INFOPLIST_KEY_UISupportedInterfaceOrientations_iPhone = "UIInterfaceOrientationPortrait UIInterfaceOrientationLandscapeLeft UIInterfaceOrientationLandscapeRight";
				LD_RUNPATH_SEARCH_PATHS = (
					"$(inherited)",
					"@executable_path/Frameworks",
				);
				MARKETING_VERSION = 1.0;
				PRODUCT_BUNDLE_IDENTIFIER = com.LinZheHao.horizCalendarView;
				PRODUCT_NAME = "$(TARGET_NAME)";
				SWIFT_EMIT_LOC_STRINGS = YES;
				SWIFT_VERSION = 5.0;
				TARGETED_DEVICE_FAMILY = "1,2";
			};
			name = Release;
		};
/* End XCBuildConfiguration section */

/* Begin XCConfigurationList section */
		05CD02C42B5F8E7200273722 /* Build configuration list for PBXProject "horizCalendarView" */ = {
			isa = XCConfigurationList;
			buildConfigurations = (
				05CD02DB2B5F8E7400273722 /* Debug */,
				05CD02DC2B5F8E7400273722 /* Release */,
			);
			defaultConfigurationIsVisible = 0;
			defaultConfigurationName = Release;
		};
		05CD02DD2B5F8E7400273722 /* Build configuration list for PBXNativeTarget "horizCalendarView" */ = {
			isa = XCConfigurationList;
			buildConfigurations = (
				05CD02DE2B5F8E7400273722 /* Debug */,
				05CD02DF2B5F8E7400273722 /* Release */,
			);
			defaultConfigurationIsVisible = 0;
			defaultConfigurationName = Release;
		};
/* End XCConfigurationList section */
	};
	rootObject = 05CD02C12B5F8E7200273722 /* Project object */;
}
